
Microsoft Visual Studio Solution File, Format Version 12.00
# Visual Studio Version 17
VisualStudioVersion = 17.9.34622.214
MinimumVisualStudioVersion = 10.0.40219.1
Project("{FAE04EC0-301F-11D3-BF4B-00C04F79EFBC}") = "CosmeticsManagement", "CosmeticsManagement\CosmeticsManagement.csproj", "{D6FE22D2-E697-4F70-BD88-44093BB9FDDF}"
EndProject
Global
	GlobalSection(SolutionConfigurationPlatforms) = preSolution
		Debug|Any CPU = Debug|Any CPU
		Release|Any CPU = Release|Any CPU
	EndGlobalSection
	GlobalSection(ProjectConfigurationPlatforms) = postSolution
		{D6FE22D2-E697-4F70-BD88-44093BB9FDDF}.Debug|Any CPU.ActiveCfg = Debug|Any CPU
		{D6FE22D2-E697-4F70-BD88-44093BB9FDDF}.Debug|Any CPU.Build.0 = Debug|Any CPU
		{D6FE22D2-E697-4F70-BD88-44093BB9FDDF}.Release|Any CPU.ActiveCfg = Release|Any CPU
		{D6FE22D2-E697-4F70-BD88-44093BB9FDDF}.Release|Any CPU.Build.0 = Release|Any CPU
	EndGlobalSection
	GlobalSection(SolutionProperties) = preSolution
		HideSolutionNode = FALSE
	EndGlobalSection
	GlobalSection(ExtensibilityGlobals) = postSolution
		SolutionGuid = {AB242F8E-942F-4C4C-80BC-11435EEA6364}
	EndGlobalSection
EndGlobal
